
Microsoft Visual Studio Solution File, Format Version 12.00
# Visual Studio 15
VisualStudioVersion = 15.0.28010.2048
MinimumVisualStudioVersion = 10.0.40219.1
Project("{9A19103F-16F7-4668-BE54-9A1E7A4F7556}") = "Data", "Data\Data.csproj", "{A6A6D695-8C9F-4CC1-A84A-B6CF5A2B6564}"
EndProject
Project("{9A19103F-16F7-4668-BE54-9A1E7A4F7556}") = "Interfaces", "Interface\Interfaces.csproj", "{A77E2A69-E6D3-4BED-B9A8-CD429870011B}"
EndProject
Project("{9A19103F-16F7-4668-BE54-9A1E7A4F7556}") = "KPAvalonia", "KPAvalonia\KPAvalonia.csproj", "{EEC3A318-918B-4A9F-97B5-4CA7E2E81EEE}"
EndProject
Project("{FAE04EC0-301F-11D3-BF4B-00C04F79EFBC}") = "AvaloniaTest", "AvaloniaTest\AvaloniaTest.csproj", "{F1851193-4ECD-44DD-8FD5-6C911BA995DD}"
	ProjectSection(ProjectDependencies) = postProject
		{EEC3A318-918B-4A9F-97B5-4CA7E2E81EEE} = {EEC3A318-918B-4A9F-97B5-4CA7E2E81EEE}
		{A77E2A69-E6D3-4BED-B9A8-CD429870011B} = {A77E2A69-E6D3-4BED-B9A8-CD429870011B}
	EndProjectSection
EndProject
Global
	GlobalSection(SolutionConfigurationPlatforms) = preSolution
		Debug|Any CPU = Debug|Any CPU
		Release|Any CPU = Release|Any CPU
	EndGlobalSection
	GlobalSection(ProjectConfigurationPlatforms) = postSolution
		{A6A6D695-8C9F-4CC1-A84A-B6CF5A2B6564}.Debug|Any CPU.ActiveCfg = Debug|Any CPU
		{A6A6D695-8C9F-4CC1-A84A-B6CF5A2B6564}.Debug|Any CPU.Build.0 = Debug|Any CPU
		{A6A6D695-8C9F-4CC1-A84A-B6CF5A2B6564}.Release|Any CPU.ActiveCfg = Release|Any CPU
		{A6A6D695-8C9F-4CC1-A84A-B6CF5A2B6564}.Release|Any CPU.Build.0 = Release|Any CPU
		{A77E2A69-E6D3-4BED-B9A8-CD429870011B}.Debug|Any CPU.ActiveCfg = Debug|Any CPU
		{A77E2A69-E6D3-4BED-B9A8-CD429870011B}.Debug|Any CPU.Build.0 = Debug|Any CPU
		{A77E2A69-E6D3-4BED-B9A8-CD429870011B}.Release|Any CPU.ActiveCfg = Release|Any CPU
		{A77E2A69-E6D3-4BED-B9A8-CD429870011B}.Release|Any CPU.Build.0 = Release|Any CPU
		{EEC3A318-918B-4A9F-97B5-4CA7E2E81EEE}.Debug|Any CPU.ActiveCfg = Debug|Any CPU
		{EEC3A318-918B-4A9F-97B5-4CA7E2E81EEE}.Debug|Any CPU.Build.0 = Debug|Any CPU
		{EEC3A318-918B-4A9F-97B5-4CA7E2E81EEE}.Release|Any CPU.ActiveCfg = Release|Any CPU
		{EEC3A318-918B-4A9F-97B5-4CA7E2E81EEE}.Release|Any CPU.Build.0 = Release|Any CPU
		{F1851193-4ECD-44DD-8FD5-6C911BA995DD}.Debug|Any CPU.ActiveCfg = Debug|Any CPU
		{F1851193-4ECD-44DD-8FD5-6C911BA995DD}.Debug|Any CPU.Build.0 = Debug|Any CPU
		{F1851193-4ECD-44DD-8FD5-6C911BA995DD}.Release|Any CPU.ActiveCfg = Release|Any CPU
		{F1851193-4ECD-44DD-8FD5-6C911BA995DD}.Release|Any CPU.Build.0 = Release|Any CPU
	EndGlobalSection
	GlobalSection(SolutionProperties) = preSolution
		HideSolutionNode = FALSE
	EndGlobalSection
	GlobalSection(ExtensibilityGlobals) = postSolution
		SolutionGuid = {FD0281B2-E06F-4AD7-BE20-4874AB0B17C0}
	EndGlobalSection
EndGlobal
